
Microsoft Visual Studio Solution File, Format Version 12.00
# Visual Studio 15
Project("{FAE04EC0-301F-11D3-BF4B-00C04F79EFBC}") = "Assembly-CSharp", "Assembly-CSharp.csproj", "{FA418F2E-EF7A-5FC3-F7C2-DDC7F1D3F9F9}"
EndProject
Global
	GlobalSection(SolutionConfigurationPlatforms) = preSolution
		Debug|Any CPU = Debug|Any CPU
		Release|Any CPU = Release|Any CPU
	EndGlobalSection
	GlobalSection(ProjectConfigurationPlatforms) = postSolution
		{FA418F2E-EF7A-5FC3-F7C2-DDC7F1D3F9F9}.Debug|Any CPU.ActiveCfg = Debug|Any CPU
		{FA418F2E-EF7A-5FC3-F7C2-DDC7F1D3F9F9}.Debug|Any CPU.Build.0 = Debug|Any CPU
		{FA418F2E-EF7A-5FC3-F7C2-DDC7F1D3F9F9}.Release|Any CPU.ActiveCfg = Release|Any CPU
		{FA418F2E-EF7A-5FC3-F7C2-DDC7F1D3F9F9}.Release|Any CPU.Build.0 = Release|Any CPU
	EndGlobalSection
	GlobalSection(SolutionProperties) = preSolution
		HideSolutionNode = FALSE
	EndGlobalSection
EndGlobal
